lockfileVersion: 5.3

specifiers:
  '@microeinhundert/radonis-shared': workspace:*
  '@microeinhundert/radonis-twind': workspace:*
  '@types/node': ^16
  '@types/react': ^18.0.3
  '@types/react-dom': ^18.0.0

dependencies:
  '@microeinhundert/radonis-shared': link:../radonis-shared
  '@microeinhundert/radonis-twind': link:../radonis-twind

devDependencies:
  '@types/node': 16.11.27
  '@types/react': 18.0.5
  '@types/react-dom': 18.0.1

packages:
  /@types/node/16.11.27:
    resolution:
      { integrity: sha512-C1pD3kgLoZ56Uuy5lhfOxie4aZlA3UMGLX9rXteq4WitEZH6Rl80mwactt9QG0w0gLFlN/kLBTFnGXtDVWvWQw== }
    dev: true

  /@types/prop-types/15.7.5:
    resolution:
      { integrity: sha512-JCB8C6SnDoQf0cNycqd/35A7MjcnK+ZTqE7judS6o7utxUCg6imJg3QK2qzHKszlTjcj2cn+NwMB2i96ubpj7w== }
    dev: true

  /@types/react-dom/18.0.1:
    resolution:
      { integrity: sha512-jCwTXvHtRLiyVvKm9aEdHXs8rflVOGd5Sl913JZrPshfXjn8NYsTNZOz70bCsA31IR0TOqwi3ad+X4tSCBoMTw== }
    dependencies:
      '@types/react': 18.0.5
    dev: true

  /@types/react/18.0.5:
    resolution:
      { integrity: sha512-UPxNGInDCIKlfqBrm8LDXYWNfLHwIdisWcsH5GpMyGjhEDLFgTtlRBaoWuCua9HcyuE0rMkmAeZ3FXV1pYLIYQ== }
    dependencies:
      '@types/prop-types': 15.7.5
      '@types/scheduler': 0.16.2
      csstype: 3.0.11
    dev: true

  /@types/scheduler/0.16.2:
    resolution:
      { integrity: sha512-hppQEBDmlwhFAXKJX2KnWLYu5yMfi91yazPb2l+lbJiwW+wdo1gNeRA+3RgNSO39WYX2euey41KEwnqesU2Jew== }
    dev: true

  /csstype/3.0.11:
    resolution:
      { integrity: sha512-sa6P2wJ+CAbgyy4KFssIb/JNMLxFvKF1pCYCSXS8ZMuqZnMsrxqI2E5sPyoTpxoPU/gVZMzr2zjOfg8GIZOMsw== }
    dev: true
