lockfileVersion: 5.3

specifiers:
  '@microeinhundert/radonis-hydrate': workspace:*
  '@microeinhundert/radonis-shared': workspace:*
  '@microeinhundert/radonis-twind': workspace:*
  '@types/node': ^16
  '@types/react': ^18.0.3
  '@types/react-dom': ^18.0.0
  intl-messageformat: ^9.12.0

dependencies:
  '@microeinhundert/radonis-hydrate': link:../radonis-hydrate
  '@microeinhundert/radonis-shared': link:../radonis-shared
  '@microeinhundert/radonis-twind': link:../radonis-twind
  intl-messageformat: 9.12.0

devDependencies:
  '@types/node': 16.11.27
  '@types/react': 18.0.5
  '@types/react-dom': 18.0.1

packages:
  /@formatjs/ecma402-abstract/1.11.4:
    resolution:
      { integrity: sha512-EBikYFp2JCdIfGEb5G9dyCkTGDmC57KSHhRQOC3aYxoPWVZvfWCDjZwkGYHN7Lis/fmuWl906bnNTJifDQ3sXw== }
    dependencies:
      '@formatjs/intl-localematcher': 0.2.25
      tslib: 2.3.1
    dev: false

  /@formatjs/fast-memoize/1.2.1:
    resolution:
      { integrity: sha512-Rg0e76nomkz3vF9IPlKeV+Qynok0r7YZjL6syLz4/urSg0IbjPZCB/iYUMNsYA643gh4mgrX3T7KEIFIxJBQeg== }
    dependencies:
      tslib: 2.3.1
    dev: false

  /@formatjs/icu-messageformat-parser/2.0.19:
    resolution:
      { integrity: sha512-8HsLm9YLyVVIDMyBJb7wmve2wGd461cUwJ470eUog5YH5ZsF4p5lgvaJ+oGKxz1mrSMNNdDHU9v/NDsS+z+ilg== }
    dependencies:
      '@formatjs/ecma402-abstract': 1.11.4
      '@formatjs/icu-skeleton-parser': 1.3.6
      tslib: 2.3.1
    dev: false

  /@formatjs/icu-skeleton-parser/1.3.6:
    resolution:
      { integrity: sha512-I96mOxvml/YLrwU2Txnd4klA7V8fRhb6JG/4hm3VMNmeJo1F03IpV2L3wWt7EweqNLES59SZ4d6hVOPCSf80Bg== }
    dependencies:
      '@formatjs/ecma402-abstract': 1.11.4
      tslib: 2.3.1
    dev: false

  /@formatjs/intl-localematcher/0.2.25:
    resolution:
      { integrity: sha512-YmLcX70BxoSopLFdLr1Ds99NdlTI2oWoLbaUW2M406lxOIPzE1KQhRz2fPUkq34xVZQaihCoU29h0KK7An3bhA== }
    dependencies:
      tslib: 2.3.1
    dev: false

  /@types/node/16.11.27:
    resolution:
      { integrity: sha512-C1pD3kgLoZ56Uuy5lhfOxie4aZlA3UMGLX9rXteq4WitEZH6Rl80mwactt9QG0w0gLFlN/kLBTFnGXtDVWvWQw== }
    dev: true

  /@types/prop-types/15.7.5:
    resolution:
      { integrity: sha512-JCB8C6SnDoQf0cNycqd/35A7MjcnK+ZTqE7judS6o7utxUCg6imJg3QK2qzHKszlTjcj2cn+NwMB2i96ubpj7w== }
    dev: true

  /@types/react-dom/18.0.1:
    resolution:
      { integrity: sha512-jCwTXvHtRLiyVvKm9aEdHXs8rflVOGd5Sl913JZrPshfXjn8NYsTNZOz70bCsA31IR0TOqwi3ad+X4tSCBoMTw== }
    dependencies:
      '@types/react': 18.0.5
    dev: true

  /@types/react/18.0.5:
    resolution:
      { integrity: sha512-UPxNGInDCIKlfqBrm8LDXYWNfLHwIdisWcsH5GpMyGjhEDLFgTtlRBaoWuCua9HcyuE0rMkmAeZ3FXV1pYLIYQ== }
    dependencies:
      '@types/prop-types': 15.7.5
      '@types/scheduler': 0.16.2
      csstype: 3.0.11
    dev: true

  /@types/scheduler/0.16.2:
    resolution:
      { integrity: sha512-hppQEBDmlwhFAXKJX2KnWLYu5yMfi91yazPb2l+lbJiwW+wdo1gNeRA+3RgNSO39WYX2euey41KEwnqesU2Jew== }
    dev: true

  /csstype/3.0.11:
    resolution:
      { integrity: sha512-sa6P2wJ+CAbgyy4KFssIb/JNMLxFvKF1pCYCSXS8ZMuqZnMsrxqI2E5sPyoTpxoPU/gVZMzr2zjOfg8GIZOMsw== }
    dev: true

  /intl-messageformat/9.12.0:
    resolution:
      { integrity: sha512-5Q9j21JreB1G27/CqMYsA+pvJ19JjHyhiTSeUuvZK9BCDJGHtOLgpUUcGM+GLHiUuoVMKVeeX1smamiVHQrSKQ== }
    dependencies:
      '@formatjs/ecma402-abstract': 1.11.4
      '@formatjs/fast-memoize': 1.2.1
      '@formatjs/icu-messageformat-parser': 2.0.19
      tslib: 2.3.1
    dev: false

  /tslib/2.3.1:
    resolution:
      { integrity: sha512-77EbyPPpMz+FRFRuAFlWMtmgUWGe9UOG2Z25NqCwiIjRhOf5iKGuzSe5P2w1laq+FkRy4p+PCuVkJSGkzTEKVw== }
    dev: false
